
Microsoft Visual Studio Solution File, Format Version 12.00
# Visual Studio 15
VisualStudioVersion = 15.0.28307.106
MinimumVisualStudioVersion = 10.0.40219.1
Project("{8BC9CEB8-8B4A-11D0-8D11-00A0C91BC942}") = "MonthOutput", "MonthOutput\MonthOutput.vcxproj", "{6A5F51DC-2B05-4C51-AE6D-871F80B9842F}"
EndProject
Global
	GlobalSection(SolutionConfigurationPlatforms) = preSolution
		Debug|x64 = Debug|x64
		Debug|x86 = Debug|x86
		Release|x64 = Release|x64
		Release|x86 = Release|x86
	EndGlobalSection
	GlobalSection(ProjectConfigurationPlatforms) = postSolution
		{6A5F51DC-2B05-4C51-AE6D-871F80B9842F}.Debug|x64.ActiveCfg = Debug|x64
		{6A5F51DC-2B05-4C51-AE6D-871F80B9842F}.Debug|x64.Build.0 = Debug|x64
		{6A5F51DC-2B05-4C51-AE6D-871F80B9842F}.Debug|x86.ActiveCfg = Debug|Win32
		{6A5F51DC-2B05-4C51-AE6D-871F80B9842F}.Debug|x86.Build.0 = Debug|Win32
		{6A5F51DC-2B05-4C51-AE6D-871F80B9842F}.Release|x64.ActiveCfg = Release|x64
		{6A5F51DC-2B05-4C51-AE6D-871F80B9842F}.Release|x64.Build.0 = Release|x64
		{6A5F51DC-2B05-4C51-AE6D-871F80B9842F}.Release|x86.ActiveCfg = Release|Win32
		{6A5F51DC-2B05-4C51-AE6D-871F80B9842F}.Release|x86.Build.0 = Release|Win32
	EndGlobalSection
	GlobalSection(SolutionProperties) = preSolution
		HideSolutionNode = FALSE
	EndGlobalSection
	GlobalSection(ExtensibilityGlobals) = postSolution
		SolutionGuid = {D98E993E-F1FC-4E73-85AD-13EEFD6E3C3C}
	EndGlobalSection
EndGlobal
